
Microsoft Visual Studio Solution File, Format Version 12.00
# Visual Studio Version 16
VisualStudioVersion = 16.0.33423.256
MinimumVisualStudioVersion = 10.0.40219.1
Project("{FAE04EC0-301F-11D3-BF4B-00C04F79EFBC}") = "flooring_shop", "flooring_shop\flooring_shop.csproj", "{D96D5393-8765-4FF3-BAF4-03A8B4623E90}"
EndProject
Global
	GlobalSection(SolutionConfigurationPlatforms) = preSolution
		Debug|Any CPU = Debug|Any CPU
		Release|Any CPU = Release|Any CPU
	EndGlobalSection
	GlobalSection(ProjectConfigurationPlatforms) = postSolution
		{D96D5393-8765-4FF3-BAF4-03A8B4623E90}.Debug|Any CPU.ActiveCfg = Debug|Any CPU
		{D96D5393-8765-4FF3-BAF4-03A8B4623E90}.Debug|Any CPU.Build.0 = Debug|Any CPU
		{D96D5393-8765-4FF3-BAF4-03A8B4623E90}.Release|Any CPU.ActiveCfg = Release|Any CPU
		{D96D5393-8765-4FF3-BAF4-03A8B4623E90}.Release|Any CPU.Build.0 = Release|Any CPU
	EndGlobalSection
	GlobalSection(SolutionProperties) = preSolution
		HideSolutionNode = FALSE
	EndGlobalSection
	GlobalSection(ExtensibilityGlobals) = postSolution
		SolutionGuid = {3A4BCF91-6328-41DB-88F1-EBA8CD714B0F}
	EndGlobalSection
EndGlobal
